{
  "originHash" : "72d11657aac46a1624bce1b415cdbb3921755da22cb0401e7c4955a280d62f99",
  "pins" : [
    {
      "identity" : "javascriptkit",
      "kind" : "remoteSourceControl",
      "location" : "https://github.com/swiftwasm/JavaScriptKit",
      "state" : {
        "revision" : "1f54ba6b17f4d0f378f671210f7121a29996159e",
        "version" : "0.47.1"
      }
    },
    {
      "identity" : "sailboat",
      "kind" : "remoteSourceControl",
      "location" : "https://github.com/SailorWebFramework/Sailboat",
      "state" : {
        "branch" : "cleanup",
        "revision" : "d2936d90ae626ee87444bfdd97a1c15d65adddbb"
      }
    },
    {
      "identity" : "swift-syntax",
      "kind" : "remoteSourceControl",
      "location" : "https://github.com/swiftlang/swift-syntax",
      "state" : {
        "revision" : "4799286537280063c85a32f09884cfbca301b1a1",
        "version" : "602.0.0"
      }
    }
  ],
  "version" : 3
}
