{
  "originHash" : "efe79d44317445fa04f8c8532ef519ab16cd6f4cf4f0cc555b0611d3ada9022a",
  "pins" : [
    {
      "identity" : "javascriptkit",
      "kind" : "remoteSourceControl",
      "location" : "https://github.com/swiftwasm/JavaScriptKit",
      "state" : {
        "revision" : "1f54ba6b17f4d0f378f671210f7121a29996159e",
        "version" : "0.47.1"
      }
    },
    {
      "identity" : "sailboat",
      "kind" : "remoteSourceControl",
      "location" : "https://github.com/SailorWebFramework/Sailboat",
      "state" : {
        "branch" : "reactive-core",
        "revision" : "9ab833ae1ab743f41d1939de26195abf0ac90d87"
      }
    },
    {
      "identity" : "swift-syntax",
      "kind" : "remoteSourceControl",
      "location" : "https://github.com/swiftlang/swift-syntax",
      "state" : {
        "revision" : "4799286537280063c85a32f09884cfbca301b1a1",
        "version" : "602.0.0"
      }
    }
  ],
  "version" : 3
}
